
Microsoft Visual Studio Solution File, Format Version 12.00
# Visual Studio 14
VisualStudioVersion = 14.0.25420.1
MinimumVisualStudioVersion = 10.0.40219.1
Project("{FAE04EC0-301F-11D3-BF4B-00C04F79EFBC}") = "App1", "App1\App1\App1.csproj", "{5C122CAC-F2F9-4AC6-838D-03DDC2C11859}"
EndProject
Project("{FAE04EC0-301F-11D3-BF4B-00C04F79EFBC}") = "App1.Droid", "App1\App1.Droid\App1.Droid.csproj", "{42C82B1E-14CC-440D-BC7E-3C3A3675D4E0}"
EndProject
Project("{FAE04EC0-301F-11D3-BF4B-00C04F79EFBC}") = "App1.iOS", "App1\App1.iOS\App1.iOS.csproj", "{0BCBE34D-A610-4594-AF5B-58D731E3C32A}"
EndProject
Project("{FAE04EC0-301F-11D3-BF4B-00C04F79EFBC}") = "App1.WinPhone", "App1\App1.WinPhone\App1.WinPhone.csproj", "{50BA757C-C0E1-4732-8314-F2C56BC59B42}"
EndProject
Project("{FAE04EC0-301F-11D3-BF4B-00C04F79EFBC}") = "App1.Windows", "App1\App1.Windows\App1.Windows.csproj", "{8DE53B3E-8150-43F7-936C-37D800D06798}"
EndProject
Global
	GlobalSection(SolutionConfigurationPlatforms) = preSolution
		Ad-Hoc|Any CPU = Ad-Hoc|Any CPU
		Ad-Hoc|ARM = Ad-Hoc|ARM
		Ad-Hoc|iPhone = Ad-Hoc|iPhone
		Ad-Hoc|iPhoneSimulator = Ad-Hoc|iPhoneSimulator
		Ad-Hoc|x64 = Ad-Hoc|x64
		Ad-Hoc|x86 = Ad-Hoc|x86
		AppStore|Any CPU = AppStore|Any CPU
		AppStore|ARM = AppStore|ARM
		AppStore|iPhone = AppStore|iPhone
		AppStore|iPhoneSimulator = AppStore|iPhoneSimulator
		AppStore|x64 = AppStore|x64
		AppStore|x86 = AppStore|x86
		Debug|Any CPU = Debug|Any CPU
		Debug|ARM = Debug|ARM
		Debug|iPhone = Debug|iPhone
		Debug|iPhoneSimulator = Debug|iPhoneSimulator
		Debug|x64 = Debug|x64
		Debug|x86 = Debug|x86
		Release|Any CPU = Release|Any CPU
		Release|ARM = Release|ARM
		Release|iPhone = Release|iPhone
		Release|iPhoneSimulator = Release|iPhoneSimulator
		Release|x64 = Release|x64
		Release|x86 = Release|x86
	EndGlobalSection
	GlobalSection(ProjectConfigurationPlatforms) = postSolution
		{5C122CAC-F2F9-4AC6-838D-03DDC2C11859}.Ad-Hoc|Any CPU.ActiveCfg = Release|Any CPU
		{5C122CAC-F2F9-4AC6-838D-03DDC2C11859}.Ad-Hoc|Any CPU.Build.0 = Release|Any CPU
		{5C122CAC-F2F9-4AC6-838D-03DDC2C11859}.Ad-Hoc|ARM.ActiveCfg = Release|Any CPU
		{5C122CAC-F2F9-4AC6-838D-03DDC2C11859}.Ad-Hoc|ARM.Build.0 = Release|Any CPU
		{5C122CAC-F2F9-4AC6-838D-03DDC2C11859}.Ad-Hoc|iPhone.ActiveCfg = Release|Any CPU
		{5C122CAC-F2F9-4AC6-838D-03DDC2C11859}.Ad-Hoc|iPhone.Build.0 = Release|Any CPU
		{5C122CAC-F2F9-4AC6-838D-03DDC2C11859}.Ad-Hoc|iPhoneSimulator.ActiveCfg = Release|Any CPU
		{5C122CAC-F2F9-4AC6-838D-03DDC2C11859}.Ad-Hoc|iPhoneSimulator.Build.0 = Release|Any CPU
		{5C122CAC-F2F9-4AC6-838D-03DDC2C11859}.Ad-Hoc|x64.ActiveCfg = Release|Any CPU
		{5C122CAC-F2F9-4AC6-838D-03DDC2C11859}.Ad-Hoc|x64.Build.0 = Release|Any CPU
		{5C122CAC-F2F9-4AC6-838D-03DDC2C11859}.Ad-Hoc|x86.ActiveCfg = Release|Any CPU
		{5C122CAC-F2F9-4AC6-838D-03DDC2C11859}.Ad-Hoc|x86.Build.0 = Release|Any CPU
		{5C122CAC-F2F9-4AC6-838D-03DDC2C11859}.AppStore|Any CPU.ActiveCfg = Release|Any CPU
		{5C122CAC-F2F9-4AC6-838D-03DDC2C11859}.AppStore|Any CPU.Build.0 = Release|Any CPU
		{5C122CAC-F2F9-4AC6-838D-03DDC2C11859}.AppStore|ARM.ActiveCfg = Release|Any CPU
		{5C122CAC-F2F9-4AC6-838D-03DDC2C11859}.AppStore|ARM.Build.0 = Release|Any CPU
		{5C122CAC-F2F9-4AC6-838D-03DDC2C11859}.AppStore|iPhone.ActiveCfg = Release|Any CPU
		{5C122CAC-F2F9-4AC6-838D-03DDC2C11859}.AppStore|iPhone.Build.0 = Release|Any CPU
		{5C122CAC-F2F9-4AC6-838D-03DDC2C11859}.AppStore|iPhoneSimulator.ActiveCfg = Release|Any CPU
		{5C122CAC-F2F9-4AC6-838D-03DDC2C11859}.AppStore|iPhoneSimulator.Build.0 = Release|Any CPU
		{5C122CAC-F2F9-4AC6-838D-03DDC2C11859}.AppStore|x64.ActiveCfg = Release|Any CPU
		{5C122CAC-F2F9-4AC6-838D-03DDC2C11859}.AppStore|x64.Build.0 = Release|Any CPU
		{5C122CAC-F2F9-4AC6-838D-03DDC2C11859}.AppStore|x86.ActiveCfg = Release|Any CPU
		{5C122CAC-F2F9-4AC6-838D-03DDC2C11859}.AppStore|x86.Build.0 = Release|Any CPU
		{5C122CAC-F2F9-4AC6-838D-03DDC2C11859}.Debug|Any CPU.ActiveCfg = Release|Any CPU
		{5C122CAC-F2F9-4AC6-838D-03DDC2C11859}.Debug|Any CPU.Build.0 = Release|Any CPU
		{5C122CAC-F2F9-4AC6-838D-03DDC2C11859}.Debug|ARM.ActiveCfg = Debug|Any CPU
		{5C122CAC-F2F9-4AC6-838D-03DDC2C11859}.Debug|ARM.Build.0 = Debug|Any CPU
		{5C122CAC-F2F9-4AC6-838D-03DDC2C11859}.Debug|iPhone.ActiveCfg = Debug|Any CPU
		{5C122CAC-F2F9-4AC6-838D-03DDC2C11859}.Debug|iPhone.Build.0 = Debug|Any CPU
		{5C122CAC-F2F9-4AC6-838D-03DDC2C11859}.Debug|iPhoneSimulator.ActiveCfg = Debug|Any CPU
		{5C122CAC-F2F9-4AC6-838D-03DDC2C11859}.Debug|iPhoneSimulator.Build.0 = Debug|Any CPU
		{5C122CAC-F2F9-4AC6-838D-03DDC2C11859}.Debug|x64.ActiveCfg = Debug|Any CPU
		{5C122CAC-F2F9-4AC6-838D-03DDC2C11859}.Debug|x64.Build.0 = Debug|Any CPU
		{5C122CAC-F2F9-4AC6-838D-03DDC2C11859}.Debug|x86.ActiveCfg = Debug|Any CPU
		{5C122CAC-F2F9-4AC6-838D-03DDC2C11859}.Debug|x86.Build.0 = Debug|Any CPU
		{5C122CAC-F2F9-4AC6-838D-03DDC2C11859}.Release|Any CPU.ActiveCfg = Release|Any CPU
		{5C122CAC-F2F9-4AC6-838D-03DDC2C11859}.Release|Any CPU.Build.0 = Release|Any CPU
		{5C122CAC-F2F9-4AC6-838D-03DDC2C11859}.Release|ARM.ActiveCfg = Release|Any CPU
		{5C122CAC-F2F9-4AC6-838D-03DDC2C11859}.Release|ARM.Build.0 = Release|Any CPU
		{5C122CAC-F2F9-4AC6-838D-03DDC2C11859}.Release|iPhone.ActiveCfg = Release|Any CPU
		{5C122CAC-F2F9-4AC6-838D-03DDC2C11859}.Release|iPhone.Build.0 = Release|Any CPU
		{5C122CAC-F2F9-4AC6-838D-03DDC2C11859}.Release|iPhoneSimulator.ActiveCfg = Release|Any CPU
		{5C122CAC-F2F9-4AC6-838D-03DDC2C11859}.Release|iPhoneSimulator.Build.0 = Release|Any CPU
		{5C122CAC-F2F9-4AC6-838D-03DDC2C11859}.Release|x64.ActiveCfg = Release|Any CPU
		{5C122CAC-F2F9-4AC6-838D-03DDC2C11859}.Release|x64.Build.0 = Release|Any CPU
		{5C122CAC-F2F9-4AC6-838D-03DDC2C11859}.Release|x86.ActiveCfg = Release|Any CPU
		{5C122CAC-F2F9-4AC6-838D-03DDC2C11859}.Release|x86.Build.0 = Release|Any CPU
		{42C82B1E-14CC-440D-BC7E-3C3A3675D4E0}.Ad-Hoc|Any CPU.ActiveCfg = Release|Any CPU
		{42C82B1E-14CC-440D-BC7E-3C3A3675D4E0}.Ad-Hoc|Any CPU.Build.0 = Release|Any CPU
		{42C82B1E-14CC-440D-BC7E-3C3A3675D4E0}.Ad-Hoc|Any CPU.Deploy.0 = Release|Any CPU
		{42C82B1E-14CC-440D-BC7E-3C3A3675D4E0}.Ad-Hoc|ARM.ActiveCfg = Release|Any CPU
		{42C82B1E-14CC-440D-BC7E-3C3A3675D4E0}.Ad-Hoc|ARM.Build.0 = Release|Any CPU
		{42C82B1E-14CC-440D-BC7E-3C3A3675D4E0}.Ad-Hoc|ARM.Deploy.0 = Release|Any CPU
		{42C82B1E-14CC-440D-BC7E-3C3A3675D4E0}.Ad-Hoc|iPhone.ActiveCfg = Release|Any CPU
		{42C82B1E-14CC-440D-BC7E-3C3A3675D4E0}.Ad-Hoc|iPhone.Build.0 = Release|Any CPU
		{42C82B1E-14CC-440D-BC7E-3C3A3675D4E0}.Ad-Hoc|iPhone.Deploy.0 = Release|Any CPU
		{42C82B1E-14CC-440D-BC7E-3C3A3675D4E0}.Ad-Hoc|iPhoneSimulator.ActiveCfg = Release|Any CPU
		{42C82B1E-14CC-440D-BC7E-3C3A3675D4E0}.Ad-Hoc|iPhoneSimulator.Build.0 = Release|Any CPU
		{42C82B1E-14CC-440D-BC7E-3C3A3675D4E0}.Ad-Hoc|iPhoneSimulator.Deploy.0 = Release|Any CPU
		{42C82B1E-14CC-440D-BC7E-3C3A3675D4E0}.Ad-Hoc|x64.ActiveCfg = Release|Any CPU
		{42C82B1E-14CC-440D-BC7E-3C3A3675D4E0}.Ad-Hoc|x64.Build.0 = Release|Any CPU
		{42C82B1E-14CC-440D-BC7E-3C3A3675D4E0}.Ad-Hoc|x64.Deploy.0 = Release|Any CPU
		{42C82B1E-14CC-440D-BC7E-3C3A3675D4E0}.Ad-Hoc|x86.ActiveCfg = Release|Any CPU
		{42C82B1E-14CC-440D-BC7E-3C3A3675D4E0}.Ad-Hoc|x86.Build.0 = Release|Any CPU
		{42C82B1E-14CC-440D-BC7E-3C3A3675D4E0}.Ad-Hoc|x86.Deploy.0 = Release|Any CPU
		{42C82B1E-14CC-440D-BC7E-3C3A3675D4E0}.AppStore|Any CPU.ActiveCfg = Release|Any CPU
		{42C82B1E-14CC-440D-BC7E-3C3A3675D4E0}.AppStore|Any CPU.Build.0 = Release|Any CPU
		{42C82B1E-14CC-440D-BC7E-3C3A3675D4E0}.AppStore|Any CPU.Deploy.0 = Release|Any CPU
		{42C82B1E-14CC-440D-BC7E-3C3A3675D4E0}.AppStore|ARM.ActiveCfg = Release|Any CPU
		{42C82B1E-14CC-440D-BC7E-3C3A3675D4E0}.AppStore|ARM.Build.0 = Release|Any CPU
		{42C82B1E-14CC-440D-BC7E-3C3A3675D4E0}.AppStore|ARM.Deploy.0 = Release|Any CPU
		{42C82B1E-14CC-440D-BC7E-3C3A3675D4E0}.AppStore|iPhone.ActiveCfg = Release|Any CPU
		{42C82B1E-14CC-440D-BC7E-3C3A3675D4E0}.AppStore|iPhone.Build.0 = Release|Any CPU
		{42C82B1E-14CC-440D-BC7E-3C3A3675D4E0}.AppStore|iPhone.Deploy.0 = Release|Any CPU
		{42C82B1E-14CC-440D-BC7E-3C3A3675D4E0}.AppStore|iPhoneSimulator.ActiveCfg = Release|Any CPU
		{42C82B1E-14CC-440D-BC7E-3C3A3675D4E0}.AppStore|iPhoneSimulator.Build.0 = Release|Any CPU
		{42C82B1E-14CC-440D-BC7E-3C3A3675D4E0}.AppStore|iPhoneSimulator.Deploy.0 = Release|Any CPU
		{42C82B1E-14CC-440D-BC7E-3C3A3675D4E0}.AppStore|x64.ActiveCfg = Release|Any CPU
		{42C82B1E-14CC-440D-BC7E-3C3A3675D4E0}.AppStore|x64.Build.0 = Release|Any CPU
		{42C82B1E-14CC-440D-BC7E-3C3A3675D4E0}.AppStore|x64.Deploy.0 = Release|Any CPU
		{42C82B1E-14CC-440D-BC7E-3C3A3675D4E0}.AppStore|x86.ActiveCfg = Release|Any CPU
		{42C82B1E-14CC-440D-BC7E-3C3A3675D4E0}.AppStore|x86.Build.0 = Release|Any CPU
		{42C82B1E-14CC-440D-BC7E-3C3A3675D4E0}.AppStore|x86.Deploy.0 = Release|Any CPU
		{42C82B1E-14CC-440D-BC7E-3C3A3675D4E0}.Debug|Any CPU.ActiveCfg = Release|Any CPU
		{42C82B1E-14CC-440D-BC7E-3C3A3675D4E0}.Debug|Any CPU.Build.0 = Release|Any CPU
		{42C82B1E-14CC-440D-BC7E-3C3A3675D4E0}.Debug|Any CPU.Deploy.0 = Release|Any CPU
		{42C82B1E-14CC-440D-BC7E-3C3A3675D4E0}.Debug|ARM.ActiveCfg = Debug|Any CPU
		{42C82B1E-14CC-440D-BC7E-3C3A3675D4E0}.Debug|ARM.Build.0 = Debug|Any CPU
		{42C82B1E-14CC-440D-BC7E-3C3A3675D4E0}.Debug|ARM.Deploy.0 = Debug|Any CPU
		{42C82B1E-14CC-440D-BC7E-3C3A3675D4E0}.Debug|iPhone.ActiveCfg = Debug|Any CPU
		{42C82B1E-14CC-440D-BC7E-3C3A3675D4E0}.Debug|iPhone.Build.0 = Debug|Any CPU
		{42C82B1E-14CC-440D-BC7E-3C3A3675D4E0}.Debug|iPhone.Deploy.0 = Debug|Any CPU
		{42C82B1E-14CC-440D-BC7E-3C3A3675D4E0}.Debug|iPhoneSimulator.ActiveCfg = Debug|Any CPU
		{42C82B1E-14CC-440D-BC7E-3C3A3675D4E0}.Debug|iPhoneSimulator.Build.0 = Debug|Any CPU
		{42C82B1E-14CC-440D-BC7E-3C3A3675D4E0}.Debug|iPhoneSimulator.Deploy.0 = Debug|Any CPU
		{42C82B1E-14CC-440D-BC7E-3C3A3675D4E0}.Debug|x64.ActiveCfg = Debug|Any CPU
		{42C82B1E-14CC-440D-BC7E-3C3A3675D4E0}.Debug|x64.Build.0 = Debug|Any CPU
		{42C82B1E-14CC-440D-BC7E-3C3A3675D4E0}.Debug|x64.Deploy.0 = Debug|Any CPU
		{42C82B1E-14CC-440D-BC7E-3C3A3675D4E0}.Debug|x86.ActiveCfg = Debug|Any CPU
		{42C82B1E-14CC-440D-BC7E-3C3A3675D4E0}.Debug|x86.Build.0 = Debug|Any CPU
		{42C82B1E-14CC-440D-BC7E-3C3A3675D4E0}.Debug|x86.Deploy.0 = Debug|Any CPU
		{42C82B1E-14CC-440D-BC7E-3C3A3675D4E0}.Release|Any CPU.ActiveCfg = Release|Any CPU
		{42C82B1E-14CC-440D-BC7E-3C3A3675D4E0}.Release|Any CPU.Build.0 = Release|Any CPU
		{42C82B1E-14CC-440D-BC7E-3C3A3675D4E0}.Release|Any CPU.Deploy.0 = Release|Any CPU
		{42C82B1E-14CC-440D-BC7E-3C3A3675D4E0}.Release|ARM.ActiveCfg = Release|Any CPU
		{42C82B1E-14CC-440D-BC7E-3C3A3675D4E0}.Release|ARM.Build.0 = Release|Any CPU
		{42C82B1E-14CC-440D-BC7E-3C3A3675D4E0}.Release|ARM.Deploy.0 = Release|Any CPU
		{42C82B1E-14CC-440D-BC7E-3C3A3675D4E0}.Release|iPhone.ActiveCfg = Release|Any CPU
		{42C82B1E-14CC-440D-BC7E-3C3A3675D4E0}.Release|iPhone.Build.0 = Release|Any CPU
		{42C82B1E-14CC-440D-BC7E-3C3A3675D4E0}.Release|iPhone.Deploy.0 = Release|Any CPU
		{42C82B1E-14CC-440D-BC7E-3C3A3675D4E0}.Release|iPhoneSimulator.ActiveCfg = Release|Any CPU
		{42C82B1E-14CC-440D-BC7E-3C3A3675D4E0}.Release|iPhoneSimulator.Build.0 = Release|Any CPU
		{42C82B1E-14CC-440D-BC7E-3C3A3675D4E0}.Release|iPhoneSimulator.Deploy.0 = Release|Any CPU
		{42C82B1E-14CC-440D-BC7E-3C3A3675D4E0}.Release|x64.ActiveCfg = Release|Any CPU
		{42C82B1E-14CC-440D-BC7E-3C3A3675D4E0}.Release|x64.Build.0 = Release|Any CPU
		{42C82B1E-14CC-440D-BC7E-3C3A3675D4E0}.Release|x64.Deploy.0 = Release|Any CPU
		{42C82B1E-14CC-440D-BC7E-3C3A3675D4E0}.Release|x86.ActiveCfg = Release|Any CPU
		{42C82B1E-14CC-440D-BC7E-3C3A3675D4E0}.Release|x86.Build.0 = Release|Any CPU
		{42C82B1E-14CC-440D-BC7E-3C3A3675D4E0}.Release|x86.Deploy.0 = Release|Any CPU
		{0BCBE34D-A610-4594-AF5B-58D731E3C32A}.Ad-Hoc|Any CPU.ActiveCfg = Release|iPhone
		{0BCBE34D-A610-4594-AF5B-58D731E3C32A}.Ad-Hoc|ARM.ActiveCfg = Ad-Hoc|iPhone
		{0BCBE34D-A610-4594-AF5B-58D731E3C32A}.Ad-Hoc|iPhone.ActiveCfg = Ad-Hoc|iPhone
		{0BCBE34D-A610-4594-AF5B-58D731E3C32A}.Ad-Hoc|iPhone.Build.0 = Ad-Hoc|iPhone
		{0BCBE34D-A610-4594-AF5B-58D731E3C32A}.Ad-Hoc|iPhoneSimulator.ActiveCfg = Ad-Hoc|iPhoneSimulator
		{0BCBE34D-A610-4594-AF5B-58D731E3C32A}.Ad-Hoc|iPhoneSimulator.Build.0 = Ad-Hoc|iPhoneSimulator
		{0BCBE34D-A610-4594-AF5B-58D731E3C32A}.Ad-Hoc|x64.ActiveCfg = Ad-Hoc|iPhone
		{0BCBE34D-A610-4594-AF5B-58D731E3C32A}.Ad-Hoc|x86.ActiveCfg = Ad-Hoc|iPhone
		{0BCBE34D-A610-4594-AF5B-58D731E3C32A}.AppStore|Any CPU.ActiveCfg = Release|iPhone
		{0BCBE34D-A610-4594-AF5B-58D731E3C32A}.AppStore|ARM.ActiveCfg = AppStore|iPhone
		{0BCBE34D-A610-4594-AF5B-58D731E3C32A}.AppStore|iPhone.ActiveCfg = AppStore|iPhone
		{0BCBE34D-A610-4594-AF5B-58D731E3C32A}.AppStore|iPhone.Build.0 = AppStore|iPhone
		{0BCBE34D-A610-4594-AF5B-58D731E3C32A}.AppStore|iPhoneSimulator.ActiveCfg = AppStore|iPhoneSimulator
		{0BCBE34D-A610-4594-AF5B-58D731E3C32A}.AppStore|iPhoneSimulator.Build.0 = AppStore|iPhoneSimulator
		{0BCBE34D-A610-4594-AF5B-58D731E3C32A}.AppStore|x64.ActiveCfg = AppStore|iPhone
		{0BCBE34D-A610-4594-AF5B-58D731E3C32A}.AppStore|x86.ActiveCfg = AppStore|iPhone
		{0BCBE34D-A610-4594-AF5B-58D731E3C32A}.Debug|Any CPU.ActiveCfg = Release|iPhone
		{0BCBE34D-A610-4594-AF5B-58D731E3C32A}.Debug|ARM.ActiveCfg = Debug|iPhone
		{0BCBE34D-A610-4594-AF5B-58D731E3C32A}.Debug|iPhone.ActiveCfg = Debug|iPhone
		{0BCBE34D-A610-4594-AF5B-58D731E3C32A}.Debug|iPhone.Build.0 = Debug|iPhone
		{0BCBE34D-A610-4594-AF5B-58D731E3C32A}.Debug|iPhoneSimulator.ActiveCfg = Debug|iPhoneSimulator
		{0BCBE34D-A610-4594-AF5B-58D731E3C32A}.Debug|iPhoneSimulator.Build.0 = Debug|iPhoneSimulator
		{0BCBE34D-A610-4594-AF5B-58D731E3C32A}.Debug|x64.ActiveCfg = Debug|iPhone
		{0BCBE34D-A610-4594-AF5B-58D731E3C32A}.Debug|x86.ActiveCfg = Debug|iPhone
		{0BCBE34D-A610-4594-AF5B-58D731E3C32A}.Release|Any CPU.ActiveCfg = Release|iPhone
		{0BCBE34D-A610-4594-AF5B-58D731E3C32A}.Release|ARM.ActiveCfg = Release|iPhone
		{0BCBE34D-A610-4594-AF5B-58D731E3C32A}.Release|iPhone.ActiveCfg = Release|iPhone
		{0BCBE34D-A610-4594-AF5B-58D731E3C32A}.Release|iPhone.Build.0 = Release|iPhone
		{0BCBE34D-A610-4594-AF5B-58D731E3C32A}.Release|iPhoneSimulator.ActiveCfg = Release|iPhoneSimulator
		{0BCBE34D-A610-4594-AF5B-58D731E3C32A}.Release|iPhoneSimulator.Build.0 = Release|iPhoneSimulator
		{0BCBE34D-A610-4594-AF5B-58D731E3C32A}.Release|x64.ActiveCfg = Release|iPhone
		{0BCBE34D-A610-4594-AF5B-58D731E3C32A}.Release|x86.ActiveCfg = Release|iPhone
		{50BA757C-C0E1-4732-8314-F2C56BC59B42}.Ad-Hoc|Any CPU.ActiveCfg = Release|Any CPU
		{50BA757C-C0E1-4732-8314-F2C56BC59B42}.Ad-Hoc|Any CPU.Build.0 = Release|Any CPU
		{50BA757C-C0E1-4732-8314-F2C56BC59B42}.Ad-Hoc|Any CPU.Deploy.0 = Release|Any CPU
		{50BA757C-C0E1-4732-8314-F2C56BC59B42}.Ad-Hoc|ARM.ActiveCfg = Release|ARM
		{50BA757C-C0E1-4732-8314-F2C56BC59B42}.Ad-Hoc|ARM.Build.0 = Release|ARM
		{50BA757C-C0E1-4732-8314-F2C56BC59B42}.Ad-Hoc|ARM.Deploy.0 = Release|ARM
		{50BA757C-C0E1-4732-8314-F2C56BC59B42}.Ad-Hoc|iPhone.ActiveCfg = Release|Any CPU
		{50BA757C-C0E1-4732-8314-F2C56BC59B42}.Ad-Hoc|iPhone.Build.0 = Release|Any CPU
		{50BA757C-C0E1-4732-8314-F2C56BC59B42}.Ad-Hoc|iPhone.Deploy.0 = Release|Any CPU
		{50BA757C-C0E1-4732-8314-F2C56BC59B42}.Ad-Hoc|iPhoneSimulator.ActiveCfg = Release|Any CPU
		{50BA757C-C0E1-4732-8314-F2C56BC59B42}.Ad-Hoc|iPhoneSimulator.Build.0 = Release|Any CPU
		{50BA757C-C0E1-4732-8314-F2C56BC59B42}.Ad-Hoc|iPhoneSimulator.Deploy.0 = Release|Any CPU
		{50BA757C-C0E1-4732-8314-F2C56BC59B42}.Ad-Hoc|x64.ActiveCfg = Release|Any CPU
		{50BA757C-C0E1-4732-8314-F2C56BC59B42}.Ad-Hoc|x64.Build.0 = Release|Any CPU
		{50BA757C-C0E1-4732-8314-F2C56BC59B42}.Ad-Hoc|x64.Deploy.0 = Release|Any CPU
		{50BA757C-C0E1-4732-8314-F2C56BC59B42}.Ad-Hoc|x86.ActiveCfg = Release|x86
		{50BA757C-C0E1-4732-8314-F2C56BC59B42}.Ad-Hoc|x86.Build.0 = Release|x86
		{50BA757C-C0E1-4732-8314-F2C56BC59B42}.Ad-Hoc|x86.Deploy.0 = Release|x86
		{50BA757C-C0E1-4732-8314-F2C56BC59B42}.AppStore|Any CPU.ActiveCfg = Release|Any CPU
		{50BA757C-C0E1-4732-8314-F2C56BC59B42}.AppStore|Any CPU.Build.0 = Release|Any CPU
		{50BA757C-C0E1-4732-8314-F2C56BC59B42}.AppStore|Any CPU.Deploy.0 = Release|Any CPU
		{50BA757C-C0E1-4732-8314-F2C56BC59B42}.AppStore|ARM.ActiveCfg = Release|ARM
		{50BA757C-C0E1-4732-8314-F2C56BC59B42}.AppStore|ARM.Build.0 = Release|ARM
		{50BA757C-C0E1-4732-8314-F2C56BC59B42}.AppStore|ARM.Deploy.0 = Release|ARM
		{50BA757C-C0E1-4732-8314-F2C56BC59B42}.AppStore|iPhone.ActiveCfg = Release|Any CPU
		{50BA757C-C0E1-4732-8314-F2C56BC59B42}.AppStore|iPhone.Build.0 = Release|Any CPU
		{50BA757C-C0E1-4732-8314-F2C56BC59B42}.AppStore|iPhone.Deploy.0 = Release|Any CPU
		{50BA757C-C0E1-4732-8314-F2C56BC59B42}.AppStore|iPhoneSimulator.ActiveCfg = Release|Any CPU
		{50BA757C-C0E1-4732-8314-F2C56BC59B42}.AppStore|iPhoneSimulator.Build.0 = Release|Any CPU
		{50BA757C-C0E1-4732-8314-F2C56BC59B42}.AppStore|iPhoneSimulator.Deploy.0 = Release|Any CPU
		{50BA757C-C0E1-4732-8314-F2C56BC59B42}.AppStore|x64.ActiveCfg = Release|Any CPU
		{50BA757C-C0E1-4732-8314-F2C56BC59B42}.AppStore|x64.Build.0 = Release|Any CPU
		{50BA757C-C0E1-4732-8314-F2C56BC59B42}.AppStore|x64.Deploy.0 = Release|Any CPU
		{50BA757C-C0E1-4732-8314-F2C56BC59B42}.AppStore|x86.ActiveCfg = Release|x86
		{50BA757C-C0E1-4732-8314-F2C56BC59B42}.AppStore|x86.Build.0 = Release|x86
		{50BA757C-C0E1-4732-8314-F2C56BC59B42}.AppStore|x86.Deploy.0 = Release|x86
		{50BA757C-C0E1-4732-8314-F2C56BC59B42}.Debug|Any CPU.ActiveCfg = Release|Any CPU
		{50BA757C-C0E1-4732-8314-F2C56BC59B42}.Debug|Any CPU.Build.0 = Release|Any CPU
		{50BA757C-C0E1-4732-8314-F2C56BC59B42}.Debug|Any CPU.Deploy.0 = Release|Any CPU
		{50BA757C-C0E1-4732-8314-F2C56BC59B42}.Debug|ARM.ActiveCfg = Debug|ARM
		{50BA757C-C0E1-4732-8314-F2C56BC59B42}.Debug|ARM.Build.0 = Debug|ARM
		{50BA757C-C0E1-4732-8314-F2C56BC59B42}.Debug|ARM.Deploy.0 = Debug|ARM
		{50BA757C-C0E1-4732-8314-F2C56BC59B42}.Debug|iPhone.ActiveCfg = Debug|Any CPU
		{50BA757C-C0E1-4732-8314-F2C56BC59B42}.Debug|iPhone.Build.0 = Debug|Any CPU
		{50BA757C-C0E1-4732-8314-F2C56BC59B42}.Debug|iPhone.Deploy.0 = Debug|Any CPU
		{50BA757C-C0E1-4732-8314-F2C56BC59B42}.Debug|iPhoneSimulator.ActiveCfg = Debug|Any CPU
		{50BA757C-C0E1-4732-8314-F2C56BC59B42}.Debug|iPhoneSimulator.Build.0 = Debug|Any CPU
		{50BA757C-C0E1-4732-8314-F2C56BC59B42}.Debug|iPhoneSimulator.Deploy.0 = Debug|Any CPU
		{50BA757C-C0E1-4732-8314-F2C56BC59B42}.Debug|x64.ActiveCfg = Debug|Any CPU
		{50BA757C-C0E1-4732-8314-F2C56BC59B42}.Debug|x64.Build.0 = Debug|Any CPU
		{50BA757C-C0E1-4732-8314-F2C56BC59B42}.Debug|x64.Deploy.0 = Debug|Any CPU
		{50BA757C-C0E1-4732-8314-F2C56BC59B42}.Debug|x86.ActiveCfg = Debug|x86
		{50BA757C-C0E1-4732-8314-F2C56BC59B42}.Debug|x86.Build.0 = Debug|x86
		{50BA757C-C0E1-4732-8314-F2C56BC59B42}.Debug|x86.Deploy.0 = Debug|x86
		{50BA757C-C0E1-4732-8314-F2C56BC59B42}.Release|Any CPU.ActiveCfg = Release|Any CPU
		{50BA757C-C0E1-4732-8314-F2C56BC59B42}.Release|Any CPU.Build.0 = Release|Any CPU
		{50BA757C-C0E1-4732-8314-F2C56BC59B42}.Release|Any CPU.Deploy.0 = Release|Any CPU
		{50BA757C-C0E1-4732-8314-F2C56BC59B42}.Release|ARM.ActiveCfg = Release|ARM
		{50BA757C-C0E1-4732-8314-F2C56BC59B42}.Release|ARM.Build.0 = Release|ARM
		{50BA757C-C0E1-4732-8314-F2C56BC59B42}.Release|ARM.Deploy.0 = Release|ARM
		{50BA757C-C0E1-4732-8314-F2C56BC59B42}.Release|iPhone.ActiveCfg = Release|Any CPU
		{50BA757C-C0E1-4732-8314-F2C56BC59B42}.Release|iPhone.Build.0 = Release|Any CPU
		{50BA757C-C0E1-4732-8314-F2C56BC59B42}.Release|iPhone.Deploy.0 = Release|Any CPU
		{50BA757C-C0E1-4732-8314-F2C56BC59B42}.Release|iPhoneSimulator.ActiveCfg = Release|Any CPU
		{50BA757C-C0E1-4732-8314-F2C56BC59B42}.Release|iPhoneSimulator.Build.0 = Release|Any CPU
		{50BA757C-C0E1-4732-8314-F2C56BC59B42}.Release|iPhoneSimulator.Deploy.0 = Release|Any CPU
		{50BA757C-C0E1-4732-8314-F2C56BC59B42}.Release|x64.ActiveCfg = Release|Any CPU
		{50BA757C-C0E1-4732-8314-F2C56BC59B42}.Release|x64.Build.0 = Release|Any CPU
		{50BA757C-C0E1-4732-8314-F2C56BC59B42}.Release|x64.Deploy.0 = Release|Any CPU
		{50BA757C-C0E1-4732-8314-F2C56BC59B42}.Release|x86.ActiveCfg = Release|x86
		{50BA757C-C0E1-4732-8314-F2C56BC59B42}.Release|x86.Build.0 = Release|x86
		{50BA757C-C0E1-4732-8314-F2C56BC59B42}.Release|x86.Deploy.0 = Release|x86
		{8DE53B3E-8150-43F7-936C-37D800D06798}.Ad-Hoc|Any CPU.ActiveCfg = Release|Any CPU
		{8DE53B3E-8150-43F7-936C-37D800D06798}.Ad-Hoc|Any CPU.Build.0 = Release|Any CPU
		{8DE53B3E-8150-43F7-936C-37D800D06798}.Ad-Hoc|Any CPU.Deploy.0 = Release|Any CPU
		{8DE53B3E-8150-43F7-936C-37D800D06798}.Ad-Hoc|ARM.ActiveCfg = Release|ARM
		{8DE53B3E-8150-43F7-936C-37D800D06798}.Ad-Hoc|ARM.Build.0 = Release|ARM
		{8DE53B3E-8150-43F7-936C-37D800D06798}.Ad-Hoc|ARM.Deploy.0 = Release|ARM
		{8DE53B3E-8150-43F7-936C-37D800D06798}.Ad-Hoc|iPhone.ActiveCfg = Release|Any CPU
		{8DE53B3E-8150-43F7-936C-37D800D06798}.Ad-Hoc|iPhone.Build.0 = Release|Any CPU
		{8DE53B3E-8150-43F7-936C-37D800D06798}.Ad-Hoc|iPhone.Deploy.0 = Release|Any CPU
		{8DE53B3E-8150-43F7-936C-37D800D06798}.Ad-Hoc|iPhoneSimulator.ActiveCfg = Release|Any CPU
		{8DE53B3E-8150-43F7-936C-37D800D06798}.Ad-Hoc|iPhoneSimulator.Build.0 = Release|Any CPU
		{8DE53B3E-8150-43F7-936C-37D800D06798}.Ad-Hoc|iPhoneSimulator.Deploy.0 = Release|Any CPU
		{8DE53B3E-8150-43F7-936C-37D800D06798}.Ad-Hoc|x64.ActiveCfg = Release|x64
		{8DE53B3E-8150-43F7-936C-37D800D06798}.Ad-Hoc|x64.Build.0 = Release|x64
		{8DE53B3E-8150-43F7-936C-37D800D06798}.Ad-Hoc|x64.Deploy.0 = Release|x64
		{8DE53B3E-8150-43F7-936C-37D800D06798}.Ad-Hoc|x86.ActiveCfg = Release|x86
		{8DE53B3E-8150-43F7-936C-37D800D06798}.Ad-Hoc|x86.Build.0 = Release|x86
		{8DE53B3E-8150-43F7-936C-37D800D06798}.Ad-Hoc|x86.Deploy.0 = Release|x86
		{8DE53B3E-8150-43F7-936C-37D800D06798}.AppStore|Any CPU.ActiveCfg = Release|Any CPU
		{8DE53B3E-8150-43F7-936C-37D800D06798}.AppStore|Any CPU.Build.0 = Release|Any CPU
		{8DE53B3E-8150-43F7-936C-37D800D06798}.AppStore|Any CPU.Deploy.0 = Release|Any CPU
		{8DE53B3E-8150-43F7-936C-37D800D06798}.AppStore|ARM.ActiveCfg = Release|ARM
		{8DE53B3E-8150-43F7-936C-37D800D06798}.AppStore|ARM.Build.0 = Release|ARM
		{8DE53B3E-8150-43F7-936C-37D800D06798}.AppStore|ARM.Deploy.0 = Release|ARM
		{8DE53B3E-8150-43F7-936C-37D800D06798}.AppStore|iPhone.ActiveCfg = Release|Any CPU
		{8DE53B3E-8150-43F7-936C-37D800D06798}.AppStore|iPhone.Build.0 = Release|Any CPU
		{8DE53B3E-8150-43F7-936C-37D800D06798}.AppStore|iPhone.Deploy.0 = Release|Any CPU
		{8DE53B3E-8150-43F7-936C-37D800D06798}.AppStore|iPhoneSimulator.ActiveCfg = Release|Any CPU
		{8DE53B3E-8150-43F7-936C-37D800D06798}.AppStore|iPhoneSimulator.Build.0 = Release|Any CPU
		{8DE53B3E-8150-43F7-936C-37D800D06798}.AppStore|iPhoneSimulator.Deploy.0 = Release|Any CPU
		{8DE53B3E-8150-43F7-936C-37D800D06798}.AppStore|x64.ActiveCfg = Release|x64
		{8DE53B3E-8150-43F7-936C-37D800D06798}.AppStore|x64.Build.0 = Release|x64
		{8DE53B3E-8150-43F7-936C-37D800D06798}.AppStore|x64.Deploy.0 = Release|x64
		{8DE53B3E-8150-43F7-936C-37D800D06798}.AppStore|x86.ActiveCfg = Release|x86
		{8DE53B3E-8150-43F7-936C-37D800D06798}.AppStore|x86.Build.0 = Release|x86
		{8DE53B3E-8150-43F7-936C-37D800D06798}.AppStore|x86.Deploy.0 = Release|x86
		{8DE53B3E-8150-43F7-936C-37D800D06798}.Debug|Any CPU.ActiveCfg = Release|Any CPU
		{8DE53B3E-8150-43F7-936C-37D800D06798}.Debug|Any CPU.Build.0 = Release|Any CPU
		{8DE53B3E-8150-43F7-936C-37D800D06798}.Debug|Any CPU.Deploy.0 = Release|Any CPU
		{8DE53B3E-8150-43F7-936C-37D800D06798}.Debug|ARM.ActiveCfg = Debug|ARM
		{8DE53B3E-8150-43F7-936C-37D800D06798}.Debug|ARM.Build.0 = Debug|ARM
		{8DE53B3E-8150-43F7-936C-37D800D06798}.Debug|ARM.Deploy.0 = Debug|ARM
		{8DE53B3E-8150-43F7-936C-37D800D06798}.Debug|iPhone.ActiveCfg = Debug|Any CPU
		{8DE53B3E-8150-43F7-936C-37D800D06798}.Debug|iPhone.Build.0 = Debug|Any CPU
		{8DE53B3E-8150-43F7-936C-37D800D06798}.Debug|iPhone.Deploy.0 = Debug|Any CPU
		{8DE53B3E-8150-43F7-936C-37D800D06798}.Debug|iPhoneSimulator.ActiveCfg = Debug|Any CPU
		{8DE53B3E-8150-43F7-936C-37D800D06798}.Debug|iPhoneSimulator.Build.0 = Debug|Any CPU
		{8DE53B3E-8150-43F7-936C-37D800D06798}.Debug|iPhoneSimulator.Deploy.0 = Debug|Any CPU
		{8DE53B3E-8150-43F7-936C-37D800D06798}.Debug|x64.ActiveCfg = Debug|x64
		{8DE53B3E-8150-43F7-936C-37D800D06798}.Debug|x64.Build.0 = Debug|x64
		{8DE53B3E-8150-43F7-936C-37D800D06798}.Debug|x64.Deploy.0 = Debug|x64
		{8DE53B3E-8150-43F7-936C-37D800D06798}.Debug|x86.ActiveCfg = Debug|x86
		{8DE53B3E-8150-43F7-936C-37D800D06798}.Debug|x86.Build.0 = Debug|x86
		{8DE53B3E-8150-43F7-936C-37D800D06798}.Debug|x86.Deploy.0 = Debug|x86
		{8DE53B3E-8150-43F7-936C-37D800D06798}.Release|Any CPU.ActiveCfg = Release|Any CPU
		{8DE53B3E-8150-43F7-936C-37D800D06798}.Release|Any CPU.Build.0 = Release|Any CPU
		{8DE53B3E-8150-43F7-936C-37D800D06798}.Release|Any CPU.Deploy.0 = Release|Any CPU
		{8DE53B3E-8150-43F7-936C-37D800D06798}.Release|ARM.ActiveCfg = Release|ARM
		{8DE53B3E-8150-43F7-936C-37D800D06798}.Release|ARM.Build.0 = Release|ARM
		{8DE53B3E-8150-43F7-936C-37D800D06798}.Release|ARM.Deploy.0 = Release|ARM
		{8DE53B3E-8150-43F7-936C-37D800D06798}.Release|iPhone.ActiveCfg = Release|Any CPU
		{8DE53B3E-8150-43F7-936C-37D800D06798}.Release|iPhone.Build.0 = Release|Any CPU
		{8DE53B3E-8150-43F7-936C-37D800D06798}.Release|iPhone.Deploy.0 = Release|Any CPU
		{8DE53B3E-8150-43F7-936C-37D800D06798}.Release|iPhoneSimulator.ActiveCfg = Release|Any CPU
		{8DE53B3E-8150-43F7-936C-37D800D06798}.Release|iPhoneSimulator.Build.0 = Release|Any CPU
		{8DE53B3E-8150-43F7-936C-37D800D06798}.Release|iPhoneSimulator.Deploy.0 = Release|Any CPU
		{8DE53B3E-8150-43F7-936C-37D800D06798}.Release|x64.ActiveCfg = Release|x64
		{8DE53B3E-8150-43F7-936C-37D800D06798}.Release|x64.Build.0 = Release|x64
		{8DE53B3E-8150-43F7-936C-37D800D06798}.Release|x64.Deploy.0 = Release|x64
		{8DE53B3E-8150-43F7-936C-37D800D06798}.Release|x86.ActiveCfg = Release|x86
		{8DE53B3E-8150-43F7-936C-37D800D06798}.Release|x86.Build.0 = Release|x86
		{8DE53B3E-8150-43F7-936C-37D800D06798}.Release|x86.Deploy.0 = Release|x86
	EndGlobalSection
	GlobalSection(SolutionProperties) = preSolution
		HideSolutionNode = FALSE
	EndGlobalSection
EndGlobal
